# THIS IS AN AUTOGENERATED FILE. DO NOT EDIT THIS FILE DIRECTLY.
# yarn lockfile v1


dedent-js@^1.0.1:
  version "1.0.1"
  resolved "https://registry.yarnpkg.com/dedent-js/-/dedent-js-1.0.1.tgz#bee5fb7c9e727d85dffa24590d10ec1ab1255305"
  integrity sha1-vuX7fJ5yfYXf+iRZDRDsGrElUwU=

nicepattern@^1.0.3:
  version "1.0.4"
  resolved "https://registry.yarnpkg.com/nicepattern/-/nicepattern-1.0.4.tgz#8d5c001fb09b584977017597bef73fae0d919488"
  integrity sha512-mKtEi9P3ylZ8aE/+XDzRpBYaf3X4y4Nt4O+lSPlOsANod/ijnNLK+gK6PrY2++sveWKyHZMe+iH1a2DpFXeSRA==
  dependencies:
    dedent-js "^1.0.1"

sdop@^1.0.0:
  version "1.0.0"
  resolved "https://registry.yarnpkg.com/sdop/-/sdop-1.0.0.tgz#546ce33ccf96cd21fe6c4732ba09f1f3fdc31402"
  integrity sha512-4QslmzxXs0GRBBHHfjCn2TX7SzaTXZHjzkNATQqpNzxNZSjglzrW6T2ERPvO2wedGaFQpyk/vIXbm6Mg/HT95A==
  dependencies:
    nicepattern "^1.0.3"
